
Microsoft Visual Studio Solution File, Format Version 12.00
# Visual Studio Version 18
VisualStudioVersion = 18.0.11217.181
MinimumVisualStudioVersion = 10.0.40219.1
Project("{FAE04EC0-301F-11D3-BF4B-00C04F79EFBC}") = "Antlr4", "src\Antlr4.csproj", "{47A539AE-E14B-4407-8D32-3F35575AF04E}"
EndProject
Project("{2150E333-8FDC-42A3-9474-1A3956D46DE8}") = "Solution Items", "Solution Items", "{7B8121F8-8CE1-4732-89F3-8446DD4F7F81}"
	ProjectSection(SolutionItems) = preProject
		Directory.Build.Props = Directory.Build.Props
		Directory.Nuget.Props = Directory.Nuget.Props
		Nuget.Config = Nuget.Config
	EndProjectSection
EndProject
Global
	GlobalSection(SolutionConfigurationPlatforms) = preSolution
		Debug|Any CPU = Debug|Any CPU
		Release|Any CPU = Release|Any CPU
	EndGlobalSection
	GlobalSection(ProjectConfigurationPlatforms) = postSolution
		{47A539AE-E14B-4407-8D32-3F35575AF04E}.Debug|Any CPU.ActiveCfg = Debug|Any CPU
		{47A539AE-E14B-4407-8D32-3F35575AF04E}.Debug|Any CPU.Build.0 = Debug|Any CPU
		{47A539AE-E14B-4407-8D32-3F35575AF04E}.Release|Any CPU.ActiveCfg = Release|Any CPU
		{47A539AE-E14B-4407-8D32-3F35575AF04E}.Release|Any CPU.Build.0 = Release|Any CPU
	EndGlobalSection
	GlobalSection(SolutionProperties) = preSolution
		HideSolutionNode = FALSE
	EndGlobalSection
	GlobalSection(ExtensibilityGlobals) = postSolution
		SolutionGuid = {3DA68208-870C-4D87-8A3E-D80383ADD455}
	EndGlobalSection
EndGlobal
